
Microsoft Visual Studio Solution File, Format Version 11.00
# Visual Studio 2010
Project("{FAE04EC0-301F-11D3-BF4B-00C04F79EFBC}") = "AutoReplyWPF", "AutoReplyWPF\AutoReplyWPF.csproj", "{376D33B6-B594-49E7-909D-7ABCA6832AED}"
EndProject
Global
	GlobalSection(SolutionConfigurationPlatforms) = preSolution
		Debug|Any CPU = Debug|Any CPU
		Release|Any CPU = Release|Any CPU
	EndGlobalSection
	GlobalSection(ProjectConfigurationPlatforms) = postSolution
		{376D33B6-B594-49E7-909D-7ABCA6832AED}.Debug|Any CPU.ActiveCfg = Debug|Any CPU
		{376D33B6-B594-49E7-909D-7ABCA6832AED}.Debug|Any CPU.Build.0 = Debug|Any CPU
		{376D33B6-B594-49E7-909D-7ABCA6832AED}.Release|Any CPU.ActiveCfg = Release|Any CPU
		{376D33B6-B594-49E7-909D-7ABCA6832AED}.Release|Any CPU.Build.0 = Release|Any CPU
	EndGlobalSection
	GlobalSection(SolutionProperties) = preSolution
		HideSolutionNode = FALSE
	EndGlobalSection
EndGlobal
